{
  "name": "bs_modal_login",
  "version": "1.0.0",
  "lockfileVersion": 1,
  "requires": true,
  "dependencies": {
    "bootstrap": {
      "version": "4.0.0",
      "resolved": "https://registry.npmjs.org/bootstrap/-/bootstrap-4.0.0.tgz",
      "integrity": "sha512-gulJE5dGFo6Q61V/whS6VM4WIyrlydXfCgkE+Gxe5hjrJ8rXLLZlALq7zq2RPhOc45PSwQpJkrTnc2KgD6cvmA=="
    },
    "bootstrap4": {
      "version": "0.0.1-security",
      "resolved": "https://registry.npmjs.org/bootstrap4/-/bootstrap4-0.0.1-security.tgz",
      "integrity": "sha1-WYkg1Ur8sq461zUayrxX45QtnEk="
    },
    "jquery": {
      "version": "3.3.1",
      "resolved": "https://registry.npmjs.org/jquery/-/jquery-3.3.1.tgz",
      "integrity": "sha512-Ubldcmxp5np52/ENotGxlLe6aGMvmF4R8S6tZjsP6Knsaxd/xp3Zrh50cG93lR6nPXyUFwzN3ZSOQI0wRJNdGg=="
    },
    "jquery-ui-dist": {
      "version": "1.12.1",
      "resolved": "https://registry.npmjs.org/jquery-ui-dist/-/jquery-ui-dist-1.12.1.tgz",
      "integrity": "sha1-XAgV08xvkP9fqvWyaKbiO0ypBPo="
    },
    "jquery-validation": {
      "version": "1.17.0",
      "resolved": "https://registry.npmjs.org/jquery-validation/-/jquery-validation-1.17.0.tgz",
      "integrity": "sha512-XddiAwhGdWhcIJ+W3ri3KG8uTPMua4TPYuUIC8/E7lOyqdScG5xHuy9YishlKc0c/lIQai77EX7hxMdTSYCEjA==",
      "requires": {
        "jquery": "3.3.1"
      }
    },
    "pwstrength-bootstrap": {
      "version": "2.2.1",
      "resolved": "https://registry.npmjs.org/pwstrength-bootstrap/-/pwstrength-bootstrap-2.2.1.tgz",
      "integrity": "sha512-IKhGSkT7yysnDYk9t0bad9y+5+rnKdAZIdltnZmddb8I65s+XSDV6ZiiyG+XhkJlsRD/6Q1ZXSU89tueTcvYtw==",
      "requires": {
        "bootstrap": "4.0.0",
        "jquery": "3.3.1"
      }
    }
  }
}
